{
  "version": 4,
  "terraform_version": "1.4.6",
  "serial": 452,
  "lineage": "ccde0a6c-c565-dab1-7442-1e9219e3cfd0",
  "outputs": {},
  "resources": [
    {
      "mode": "data",
      "type": "archive_file",
      "name": "grass",
      "provider": "provider[\"registry.terraform.io/hashicorp/archive\"]",
      "instances": [
        {
          "schema_version": 0,
          "attributes": {
            "exclude_symlink_directories": null,
            "excludes": null,
            "id": "b110d5b8c13c75008afb31c1d017401dd4f28ade",
            "output_base64sha256": "hqmqpcQ1B6mMd9E2jhK28Zb+BCPZYSl9wap8NaF8E8g=",
            "output_base64sha512": "Z8ah3rZ/CQjYVIXfCO9mevJn8jpy9Ydx7018oNcOseu2KQ1cpugcKo52gzlVVbLhBsE6bxIHEzCrW9tSruNjXQ==",
            "output_file_mode": null,
            "output_md5": "ec7f51d9ad8524625a672b75b4aeb482",
            "output_path": "grass.zip",
            "output_sha": "b110d5b8c13c75008afb31c1d017401dd4f28ade",
            "output_sha256": "86a9aaa5c43507a98c77d1368e12b6f196fe0423d961297dc1aa7c35a17c13c8",
            "output_sha512": "67c6a1deb67f0908d85485df08ef667af267f23a72f58771ef4d7ca0d70eb1ebb6290d5ca6e81c2a8e7683395555b2e106c13a6f12071330ab5bdb52aee3635d",
            "output_size": 1408,
            "source": [],
            "source_content": null,
            "source_content_filename": null,
            "source_dir": "lambda",
            "source_file": null,
            "type": "zip"
          },
          "sensitive_attributes": []
        }
      ]
    },
    {
      "mode": "data",
      "type": "archive_file",
      "name": "main",
      "provider": "provider[\"registry.terraform.io/hashicorp/archive\"]",
      "instances": [
        {
          "schema_version": 0,
          "attributes": {
            "exclude_symlink_directories": null,
            "excludes": null,
            "id": "6f12f356c7705d8670c1074a5713bba292914464",
            "output_base64sha256": "Ia9TCMC7cdTARHyyqPCg5xVRJNjiKjrLlshYtMImGg4=",
            "output_base64sha512": "DSmIqAvIz6A95ukClcbGlfKqfca82eVoPHVCitPoGZZCQmMvI3TOeefHL/JRFvf0Sxgx+7T/MIcPz3c/zryANg==",
            "output_file_mode": null,
            "output_md5": "64fb6106967b9d4def445b08b45c549a",
            "output_path": "./lambda_layer.zip",
            "output_sha": "6f12f356c7705d8670c1074a5713bba292914464",
            "output_sha256": "21af5308c0bb71d4c0447cb2a8f0a0e7155124d8e22a3acb96c858b4c2261a0e",
            "output_sha512": "0d2988a80bc8cfa03de6e90295c6c695f2aa7dc6bcd9e5683c75428ad3e819964242632f2374ce79e7c72ff25116f7f44b1831fbb4ff30870fcf773fcebc8036",
            "output_size": 2307918,
            "source": [],
            "source_content": null,
            "source_content_filename": null,
            "source_dir": "./lambda_layer/package",
            "source_file": null,
            "type": "zip"
          },
          "sensitive_attributes": []
        }
      ]
    },
    {
      "mode": "managed",
      "type": "aws_cloudwatch_event_rule",
      "name": "main",
      "provider": "provider[\"registry.terraform.io/hashicorp/aws\"]",
      "instances": [
        {
          "schema_version": 1,
          "attributes": {
            "arn": "arn:aws:events:ap-southeast-2:067366400071:rule/daily-spotify-wrakkd-trigger",
            "description": "Triggers spotify-wrakkd every day at 6 AM and 9 PM",
            "event_bus_name": "default",
            "event_pattern": null,
            "force_destroy": false,
            "id": "daily-spotify-wrakkd-trigger",
            "is_enabled": true,
            "name": "daily-spotify-wrakkd-trigger",
            "name_prefix": "",
            "role_arn": "",
            "schedule_expression": "cron(0 6,21 * * ? *)",
            "state": "ENABLED",
            "tags": {},
            "tags_all": {}
          },
          "sensitive_attributes": [],
          "private": "eyJzY2hlbWFfdmVyc2lvbiI6IjEifQ=="
        }
      ]
    },
    {
      "mode": "managed",
      "type": "aws_cloudwatch_event_target",
      "name": "main",
      "provider": "provider[\"registry.terraform.io/hashicorp/aws\"]",
      "instances": [
        {
          "schema_version": 1,
          "attributes": {
            "arn": "arn:aws:lambda:ap-southeast-2:067366400071:function:spotify-wrakkd",
            "batch_target": [],
            "dead_letter_config": [],
            "ecs_target": [],
            "event_bus_name": "default",
            "force_destroy": false,
            "http_target": [],
            "id": "daily-spotify-wrakkd-trigger-spotify-wrakkd",
            "input": "",
            "input_path": "",
            "input_transformer": [],
            "kinesis_target": [],
            "redshift_target": [],
            "retry_policy": [],
            "role_arn": "",
            "rule": "daily-spotify-wrakkd-trigger",
            "run_command_targets": [],
            "sagemaker_pipeline_target": [],
            "sqs_target": [],
            "target_id": "spotify-wrakkd"
          },
          "sensitive_attributes": [],
          "private": "eyJzY2hlbWFfdmVyc2lvbiI6IjEifQ==",
          "dependencies": [
            "aws_cloudwatch_event_rule.main",
            "aws_iam_role.main",
            "aws_lambda_function.main",
            "aws_lambda_layer_version.lambda_layer",
            "data.archive_file.grass",
            "data.archive_file.main",
            "null_resource.main"
          ]
        }
      ]
    },
    {
      "mode": "managed",
      "type": "aws_iam_policy",
      "name": "main",
      "provider": "provider[\"registry.terraform.io/hashicorp/aws\"]",
      "instances": [
        {
          "schema_version": 0,
          "attributes": {
            "arn": "arn:aws:iam::067366400071:policy/main_policy",
            "attachment_count": 1,
            "description": "Policy for Lambda Execution and CloudWatch Logs access",
            "id": "arn:aws:iam::067366400071:policy/main_policy",
            "name": "main_policy",
            "name_prefix": "",
            "path": "/",
            "policy": "{\"Statement\":[{\"Action\":[\"logs:CreateLogGroup\",\"logs:CreateLogStream\",\"logs:PutLogEvents\"],\"Effect\":\"Allow\",\"Resource\":\"arn:aws:logs:*:*:*\"},{\"Action\":[\"lambda:InvokeFunction\"],\"Effect\":\"Allow\",\"Resource\":\"*\"}],\"Version\":\"2012-10-17\"}",
            "policy_id": "ANPAQ7L2ZWBD2EVJKHKIG",
            "tags": {},
            "tags_all": {}
          },
          "sensitive_attributes": [],
          "private": "bnVsbA=="
        }
      ]
    },
    {
      "mode": "managed",
      "type": "aws_iam_role",
      "name": "main",
      "provider": "provider[\"registry.terraform.io/hashicorp/aws\"]",
      "instances": [
        {
          "schema_version": 0,
          "attributes": {
            "arn": "arn:aws:iam::067366400071:role/main_role",
            "assume_role_policy": "{\"Statement\":[{\"Action\":\"sts:AssumeRole\",\"Effect\":\"Allow\",\"Principal\":{\"Service\":\"lambda.amazonaws.com\"}}],\"Version\":\"2012-10-17\"}",
            "create_date": "2024-10-19T12:23:26Z",
            "description": "",
            "force_detach_policies": false,
            "id": "main_role",
            "inline_policy": [],
            "managed_policy_arns": [
              "arn:aws:iam::067366400071:policy/main_policy"
            ],
            "max_session_duration": 3600,
            "name": "main_role",
            "name_prefix": "",
            "path": "/",
            "permissions_boundary": "",
            "tags": {},
            "tags_all": {},
            "unique_id": "AROAQ7L2ZWBD5MYEYAGSB"
          },
          "sensitive_attributes": [],
          "private": "bnVsbA=="
        }
      ]
    },
    {
      "mode": "managed",
      "type": "aws_iam_role_policy_attachment",
      "name": "main",
      "provider": "provider[\"registry.terraform.io/hashicorp/aws\"]",
      "instances": [
        {
          "schema_version": 0,
          "attributes": {
            "id": "main_role-20241019122327551900000001",
            "policy_arn": "arn:aws:iam::067366400071:policy/main_policy",
            "role": "main_role"
          },
          "sensitive_attributes": [],
          "private": "bnVsbA==",
          "dependencies": [
            "aws_iam_policy.main",
            "aws_iam_role.main"
          ]
        }
      ]
    },
    {
      "mode": "managed",
      "type": "aws_lambda_function",
      "name": "main",
      "provider": "provider[\"registry.terraform.io/hashicorp/aws\"]",
      "instances": [
        {
          "schema_version": 0,
          "attributes": {
            "architectures": [
              "arm64"
            ],
            "arn": "arn:aws:lambda:ap-southeast-2:067366400071:function:spotify-wrakkd",
            "code_sha256": "hqmqpcQ1B6mMd9E2jhK28Zb+BCPZYSl9wap8NaF8E8g=",
            "code_signing_config_arn": "",
            "dead_letter_config": [],
            "description": "",
            "environment": [
              {
                "variables": {
                  "SPOTIFY_CLIENT_ID": "fdc40f7e33a14922b9e86f0445532cf0",
                  "SPOTIFY_CLIENT_SECRET": "a9fd1925f1a74b5299c359ae334b0d36",
                  "SPOTIFY_REDIRECT_URI": "https://example.com/callback"
                }
              }
            ],
            "ephemeral_storage": [
              {
                "size": 512
              }
            ],
            "file_system_config": [],
            "filename": "grass.zip",
            "function_name": "spotify-wrakkd",
            "handler": "main.lambda_handler",
            "id": "spotify-wrakkd",
            "image_config": [],
            "image_uri": "",
            "invoke_arn": "arn:aws:apigateway:ap-southeast-2:lambda:path/2015-03-31/functions/arn:aws:lambda:ap-southeast-2:067366400071:function:spotify-wrakkd/invocations",
            "kms_key_arn": "",
            "last_modified": "2024-10-19T12:27:58.000+0000",
            "layers": [
              "arn:aws:lambda:ap-southeast-2:067366400071:layer:spotipy:15"
            ],
            "logging_config": [
              {
                "application_log_level": "",
                "log_format": "Text",
                "log_group": "/aws/lambda/spotify-wrakkd",
                "system_log_level": ""
              }
            ],
            "memory_size": 128,
            "package_type": "Zip",
            "publish": false,
            "qualified_arn": "arn:aws:lambda:ap-southeast-2:067366400071:function:spotify-wrakkd:$LATEST",
            "qualified_invoke_arn": "arn:aws:apigateway:ap-southeast-2:lambda:path/2015-03-31/functions/arn:aws:lambda:ap-southeast-2:067366400071:function:spotify-wrakkd:$LATEST/invocations",
            "replace_security_groups_on_destroy": null,
            "replacement_security_group_ids": null,
            "reserved_concurrent_executions": -1,
            "role": "arn:aws:iam::067366400071:role/main_role",
            "runtime": "python3.12",
            "s3_bucket": null,
            "s3_key": null,
            "s3_object_version": null,
            "signing_job_arn": "",
            "signing_profile_version_arn": "",
            "skip_destroy": false,
            "snap_start": [],
            "source_code_hash": "",
            "source_code_size": 1408,
            "tags": {},
            "tags_all": {},
            "timeout": 30,
            "timeouts": null,
            "tracing_config": [
              {
                "mode": "PassThrough"
              }
            ],
            "version": "$LATEST",
            "vpc_config": []
          },
          "sensitive_attributes": [],
          "private": "eyJlMmJmYjczMC1lY2FhLTExZTYtOGY4OC0zNDM2M2JjN2M0YzAiOnsiY3JlYXRlIjo2MDAwMDAwMDAwMDAsImRlbGV0ZSI6NjAwMDAwMDAwMDAwLCJ1cGRhdGUiOjYwMDAwMDAwMDAwMH19",
          "dependencies": [
            "aws_iam_role.main",
            "aws_lambda_layer_version.lambda_layer",
            "data.archive_file.grass"
          ]
        }
      ]
    },
    {
      "mode": "managed",
      "type": "aws_lambda_layer_version",
      "name": "lambda_layer",
      "provider": "provider[\"registry.terraform.io/hashicorp/aws\"]",
      "instances": [
        {
          "schema_version": 0,
          "attributes": {
            "arn": "arn:aws:lambda:ap-southeast-2:067366400071:layer:spotipy:15",
            "code_sha256": "2Oo3Zf6Wp5D4P6ThViJACXEWnev8WXx3giRX8pOfNL8=",
            "compatible_architectures": [
              "arm64"
            ],
            "compatible_runtimes": [
              "python3.12"
            ],
            "created_date": "2024-10-19T12:23:31.813+0000",
            "description": "",
            "filename": "./lambda_layer.zip",
            "id": "arn:aws:lambda:ap-southeast-2:067366400071:layer:spotipy:15",
            "layer_arn": "arn:aws:lambda:ap-southeast-2:067366400071:layer:spotipy",
            "layer_name": "spotipy",
            "license_info": "",
            "s3_bucket": null,
            "s3_key": null,
            "s3_object_version": null,
            "signing_job_arn": "",
            "signing_profile_version_arn": "",
            "skip_destroy": false,
            "source_code_hash": "",
            "source_code_size": 2308232,
            "version": "15"
          },
          "sensitive_attributes": [],
          "private": "bnVsbA==",
          "dependencies": [
            "data.archive_file.main",
            "null_resource.main"
          ]
        }
      ]
    },
    {
      "mode": "managed",
      "type": "aws_lambda_permission",
      "name": "main",
      "provider": "provider[\"registry.terraform.io/hashicorp/aws\"]",
      "instances": [
        {
          "schema_version": 0,
          "attributes": {
            "action": "lambda:InvokeFunction",
            "event_source_token": null,
            "function_name": "spotify-wrakkd",
            "function_url_auth_type": null,
            "id": "AllowEventBridgeInvoke",
            "principal": "events.amazonaws.com",
            "principal_org_id": null,
            "qualifier": "",
            "source_account": null,
            "source_arn": "arn:aws:events:ap-southeast-2:067366400071:rule/daily-spotify-wrakkd-trigger",
            "statement_id": "AllowEventBridgeInvoke",
            "statement_id_prefix": ""
          },
          "sensitive_attributes": [],
          "private": "bnVsbA==",
          "dependencies": [
            "aws_cloudwatch_event_rule.main",
            "aws_iam_role.main",
            "aws_lambda_function.main",
            "aws_lambda_layer_version.lambda_layer",
            "data.archive_file.grass",
            "data.archive_file.main",
            "null_resource.main"
          ]
        }
      ]
    },
    {
      "mode": "managed",
      "type": "null_resource",
      "name": "main",
      "provider": "provider[\"registry.terraform.io/hashicorp/null\"]",
      "instances": [
        {
          "schema_version": 0,
          "attributes": {
            "id": "6806592481512696928",
            "triggers": {
              "always_run": "2024-10-19T12:27:56Z"
            }
          },
          "sensitive_attributes": []
        }
      ]
    }
  ],
  "check_results": null
}
